// !$*UTF8*$!
{
	archiveVersion = 1;
	classes = {
	};
	objectVersion = 50;
	objects = {

/* Begin PBXBuildFile section */
		047F1611220DA1F70015CDEB /* RegisterData.swift in Sources */ = {isa = PBXBuildFile; fileRef = 047F1610220DA1F70015CDEB /* RegisterData.swift */; };
		04A20AE622141F0000A7C1D9 /* AboutUsViewController.swift in Sources */ = {isa = PBXBuildFile; fileRef = 04A20AE522141F0000A7C1D9 /* AboutUsViewController.swift */; };
		04A20AE82215847D00A7C1D9 /* AboutUsData.swift in Sources */ = {isa = PBXBuildFile; fileRef = 04A20AE72215847D00A7C1D9 /* AboutUsData.swift */; };
		04A20AEA2215849400A7C1D9 /* AboutUsModel.swift in Sources */ = {isa = PBXBuildFile; fileRef = 04A20AE92215849400A7C1D9 /* AboutUsModel.swift */; };
		04A20AEC221584A100A7C1D9 /* AboutUsViewModel.swift in Sources */ = {isa = PBXBuildFile; fileRef = 04A20AEB221584A100A7C1D9 /* AboutUsViewModel.swift */; };
		04BA7ABF22103796006696E7 /* SecQuesRegisterTableViewCell.swift in Sources */ = {isa = PBXBuildFile; fileRef = 04BA7ABD22103796006696E7 /* SecQuesRegisterTableViewCell.swift */; };
		04BA7AC022103796006696E7 /* SecQuesRegisterTableViewCell.xib in Resources */ = {isa = PBXBuildFile; fileRef = 04BA7ABE22103796006696E7 /* SecQuesRegisterTableViewCell.xib */; };
		04BA7AC222105B72006696E7 /* SecQuesConfirmModel.swift in Sources */ = {isa = PBXBuildFile; fileRef = 04BA7AC122105B72006696E7 /* SecQuesConfirmModel.swift */; };
		04BA7AC4221076DF006696E7 /* SecQuesRegisterViewModel.swift in Sources */ = {isa = PBXBuildFile; fileRef = 04BA7AC3221076DF006696E7 /* SecQuesRegisterViewModel.swift */; };
		04BA7AC622107A9D006696E7 /* SecQuesListData.swift in Sources */ = {isa = PBXBuildFile; fileRef = 04BA7AC522107A9D006696E7 /* SecQuesListData.swift */; };
		04BA7AC8221089D8006696E7 /* SecQuesRegisterViewController.swift in Sources */ = {isa = PBXBuildFile; fileRef = 04BA7AC7221089D8006696E7 /* SecQuesRegisterViewController.swift */; };
		04BA7ACB22111C88006696E7 /* SecQuesSaveTableViewCell.swift in Sources */ = {isa = PBXBuildFile; fileRef = 04BA7AC922111C88006696E7 /* SecQuesSaveTableViewCell.swift */; };
		04BA7ACC22111C88006696E7 /* SecQuesSaveTableViewCell.xib in Resources */ = {isa = PBXBuildFile; fileRef = 04BA7ACA22111C88006696E7 /* SecQuesSaveTableViewCell.xib */; };
		04BA7ACE221317B5006696E7 /* SecQuesConfirmViewModel.swift in Sources */ = {isa = PBXBuildFile; fileRef = 04BA7ACD221317B5006696E7 /* SecQuesConfirmViewModel.swift */; };
		04BA7AD0221319F7006696E7 /* UserSecQuesData.swift in Sources */ = {isa = PBXBuildFile; fileRef = 04BA7ACF221319F7006696E7 /* UserSecQuesData.swift */; };
		04F0022F22094D21007A9ACF /* RegisterViewModel.swift in Sources */ = {isa = PBXBuildFile; fileRef = 04F0022E22094D21007A9ACF /* RegisterViewModel.swift */; };
		04F0023122094E67007A9ACF /* RegisterModel.swift in Sources */ = {isa = PBXBuildFile; fileRef = 04F0023022094E67007A9ACF /* RegisterModel.swift */; };
		04F0023322094FCF007A9ACF /* FAQViewModel.swift in Sources */ = {isa = PBXBuildFile; fileRef = 04F0023222094FCF007A9ACF /* FAQViewModel.swift */; };
		6A3197972203FE640031D86F /* MemberCardInfoOneViewController.swift in Sources */ = {isa = PBXBuildFile; fileRef = 6A3197962203FE640031D86F /* MemberCardInfoOneViewController.swift */; };
		6A3197992203FE770031D86F /* MemberCardInfoTwoViewController.swift in Sources */ = {isa = PBXBuildFile; fileRef = 6A3197982203FE770031D86F /* MemberCardInfoTwoViewController.swift */; };
		6A31979B2203FEF60031D86F /* SecurityQuestionUpdateViewController.swift in Sources */ = {isa = PBXBuildFile; fileRef = 6A31979A2203FEF60031D86F /* SecurityQuestionUpdateViewController.swift */; };
		6A31979D2203FF1F0031D86F /* InformationUpdateViewController.swift in Sources */ = {isa = PBXBuildFile; fileRef = 6A31979C2203FF1F0031D86F /* InformationUpdateViewController.swift */; };
		6A3197A02203FF830031D86F /* CouponViewController.swift in Sources */ = {isa = PBXBuildFile; fileRef = 6A31979F2203FF830031D86F /* CouponViewController.swift */; };
		6A3197A22203FF910031D86F /* PromotionViewController.swift in Sources */ = {isa = PBXBuildFile; fileRef = 6A3197A12203FF910031D86F /* PromotionViewController.swift */; };
		6A3197A42203FF9E0031D86F /* NewsViewController.swift in Sources */ = {isa = PBXBuildFile; fileRef = 6A3197A32203FF9E0031D86F /* NewsViewController.swift */; };
		6A3197A72204000F0031D86F /* HotlinePhoneNumberViewController.swift in Sources */ = {isa = PBXBuildFile; fileRef = 6A3197A62204000F0031D86F /* HotlinePhoneNumberViewController.swift */; };
		6A3197A9220400290031D86F /* MessagingViewController.swift in Sources */ = {isa = PBXBuildFile; fileRef = 6A3197A8220400290031D86F /* MessagingViewController.swift */; };
		6A3197AC220400700031D86F /* FaqAndTermsConditionViewController.swift in Sources */ = {isa = PBXBuildFile; fileRef = 6A3197AB220400700031D86F /* FaqAndTermsConditionViewController.swift */; };
		6A3197AE2204007E0031D86F /* FAQViewController.swift in Sources */ = {isa = PBXBuildFile; fileRef = 6A3197AD2204007E0031D86F /* FAQViewController.swift */; };
		6A3197B0220400970031D86F /* TermsAndConditionsViewController.swift in Sources */ = {isa = PBXBuildFile; fileRef = 6A3197AF220400970031D86F /* TermsAndConditionsViewController.swift */; };
		6A3197B5220401310031D86F /* MembershipViewController.swift in Sources */ = {isa = PBXBuildFile; fileRef = 6A3197B4220401310031D86F /* MembershipViewController.swift */; };
		6A3197BD220403140031D86F /* SecQuestionResetPasswordViewController.swift in Sources */ = {isa = PBXBuildFile; fileRef = 6A3197BC220403140031D86F /* SecQuestionResetPasswordViewController.swift */; };
		6A6A99272207F00D001C30D2 /* Localizable.swift in Sources */ = {isa = PBXBuildFile; fileRef = 6A6A99262207F00D001C30D2 /* Localizable.swift */; };
		6A6A99292207F042001C30D2 /* Locale.swift in Sources */ = {isa = PBXBuildFile; fileRef = 6A6A99282207F042001C30D2 /* Locale.swift */; };
		6A6A992B2207F095001C30D2 /* BaseUIViewController.swift in Sources */ = {isa = PBXBuildFile; fileRef = 6A6A992A2207F095001C30D2 /* BaseUIViewController.swift */; };
		6A6A992F2207F0E8001C30D2 /* en.strings in Resources */ = {isa = PBXBuildFile; fileRef = 6A6A992E2207F0E8001C30D2 /* en.strings */; };
		6A6A99312207F0F8001C30D2 /* my_MM.strings in Resources */ = {isa = PBXBuildFile; fileRef = 6A6A99302207F0F8001C30D2 /* my_MM.strings */; };
		6A6A99362207F54F001C30D2 /* CouponTableViewCell.swift in Sources */ = {isa = PBXBuildFile; fileRef = 6A6A99342207F54F001C30D2 /* CouponTableViewCell.swift */; };
		6A6A99372207F54F001C30D2 /* CouponTableViewCell.xib in Resources */ = {isa = PBXBuildFile; fileRef = 6A6A99352207F54F001C30D2 /* CouponTableViewCell.xib */; };
		6AC88E132206AE6D0062926F /* LoginData.swift in Sources */ = {isa = PBXBuildFile; fileRef = 6AC88E122206AE6D0062926F /* LoginData.swift */; };
		6AC88E152206AF020062926F /* ApiService.swift in Sources */ = {isa = PBXBuildFile; fileRef = 6AC88E142206AF020062926F /* ApiService.swift */; };
		6AC88E172206AF2D0062926F /* Constants.swift in Sources */ = {isa = PBXBuildFile; fileRef = 6AC88E162206AF2D0062926F /* Constants.swift */; };
		6AC88E192206AFC50062926F /* BaseModel.swift in Sources */ = {isa = PBXBuildFile; fileRef = 6AC88E182206AFC50062926F /* BaseModel.swift */; };
		6AC88E1C2206B0A10062926F /* LoginModel.swift in Sources */ = {isa = PBXBuildFile; fileRef = 6AC88E1B2206B0A10062926F /* LoginModel.swift */; };
		6AC88E1E2206BBC50062926F /* LoginViewModel.swift in Sources */ = {isa = PBXBuildFile; fileRef = 6AC88E1D2206BBC50062926F /* LoginViewModel.swift */; };
		6AC88E202206BF510062926F /* Utils.swift in Sources */ = {isa = PBXBuildFile; fileRef = 6AC88E1F2206BF510062926F /* Utils.swift */; };
		6AC88E232206D6F70062926F /* CardView.swift in Sources */ = {isa = PBXBuildFile; fileRef = 6AC88E222206D6F70062926F /* CardView.swift */; };
		6AC88E272206D8580062926F /* MemberCardHeaderView.swift in Sources */ = {isa = PBXBuildFile; fileRef = 6AC88E252206D8580062926F /* MemberCardHeaderView.swift */; };
		6AC88E282206D8580062926F /* MemberCardHeaderView.xib in Resources */ = {isa = PBXBuildFile; fileRef = 6AC88E262206D8580062926F /* MemberCardHeaderView.xib */; };
		6AC88E2B2206D8AE0062926F /* MemberCardInfoTableViewCell.swift in Sources */ = {isa = PBXBuildFile; fileRef = 6AC88E292206D8AE0062926F /* MemberCardInfoTableViewCell.swift */; };
		6AC88E2C2206D8AE0062926F /* MemberCardInfoTableViewCell.xib in Resources */ = {isa = PBXBuildFile; fileRef = 6AC88E2A2206D8AE0062926F /* MemberCardInfoTableViewCell.xib */; };
		6AC88E342206E5E90062926F /* SecurityQuestionUpdateTableViewCell.swift in Sources */ = {isa = PBXBuildFile; fileRef = 6AC88E322206E5E90062926F /* SecurityQuestionUpdateTableViewCell.swift */; };
		6AC88E352206E5E90062926F /* SecurityQuestionUpdateTableViewCell.xib in Resources */ = {isa = PBXBuildFile; fileRef = 6AC88E332206E5E90062926F /* SecurityQuestionUpdateTableViewCell.xib */; };
		6AFEBE052205CDDA006D2F81 /* FAQ.swift in Sources */ = {isa = PBXBuildFile; fileRef = 6AFEBE042205CDDA006D2F81 /* FAQ.swift */; };
		6AFEBE0B2205CEAD006D2F81 /* FAQHeaderView.swift in Sources */ = {isa = PBXBuildFile; fileRef = 6AFEBE092205CEAD006D2F81 /* FAQHeaderView.swift */; };
		6AFEBE0C2205CEAD006D2F81 /* FAQHeaderView.xib in Resources */ = {isa = PBXBuildFile; fileRef = 6AFEBE0A2205CEAD006D2F81 /* FAQHeaderView.xib */; };
		6AFEBE0F2205CEC8006D2F81 /* FAQTableViewCell.swift in Sources */ = {isa = PBXBuildFile; fileRef = 6AFEBE0D2205CEC8006D2F81 /* FAQTableViewCell.swift */; };
		6AFEBE102205CEC8006D2F81 /* FAQTableViewCell.xib in Resources */ = {isa = PBXBuildFile; fileRef = 6AFEBE0E2205CEC8006D2F81 /* FAQTableViewCell.xib */; };
		6AFEBE152205CF45006D2F81 /* UIExtension.swift in Sources */ = {isa = PBXBuildFile; fileRef = 6AFEBE142205CF45006D2F81 /* UIExtension.swift */; };
		6AFEBE172205D975006D2F81 /* FAQDataModel.swift in Sources */ = {isa = PBXBuildFile; fileRef = 6AFEBE162205D975006D2F81 /* FAQDataModel.swift */; };
		752115D2220158BE001BC94A /* SideMenuTableViewController.swift in Sources */ = {isa = PBXBuildFile; fileRef = 752115D1220158BE001BC94A /* SideMenuTableViewController.swift */; };
		752115DA22016146001BC94A /* HomeViewController.swift in Sources */ = {isa = PBXBuildFile; fileRef = 752115D922016146001BC94A /* HomeViewController.swift */; };
		752115DC22016193001BC94A /* EventNewViewController.swift in Sources */ = {isa = PBXBuildFile; fileRef = 752115DB22016193001BC94A /* EventNewViewController.swift */; };
		752115DE220161AC001BC94A /* ApplyAeonServiceViewController.swift in Sources */ = {isa = PBXBuildFile; fileRef = 752115DD220161AC001BC94A /* ApplyAeonServiceViewController.swift */; };
		752115E122019378001BC94A /* SecQuesConfirmTableViewCell.swift in Sources */ = {isa = PBXBuildFile; fileRef = 752115DF22019378001BC94A /* SecQuesConfirmTableViewCell.swift */; };
		752115E222019378001BC94A /* SecQuesConfirmTableViewCell.xib in Resources */ = {isa = PBXBuildFile; fileRef = 752115E022019378001BC94A /* SecQuesConfirmTableViewCell.xib */; };
		752115E52201AA4C001BC94A /* SecQuesRegisterModel.swift in Sources */ = {isa = PBXBuildFile; fileRef = 752115E42201AA4C001BC94A /* SecQuesRegisterModel.swift */; };
		752115E72201CA3B001BC94A /* CustomerTypeViewController.swift in Sources */ = {isa = PBXBuildFile; fileRef = 752115E62201CA3B001BC94A /* CustomerTypeViewController.swift */; };
		753C8B9421F9B670002E101B /* AppDelegate.swift in Sources */ = {isa = PBXBuildFile; fileRef = 753C8B9321F9B670002E101B /* AppDelegate.swift */; };
		753C8B9621F9B670002E101B /* ViewController.swift in Sources */ = {isa = PBXBuildFile; fileRef = 753C8B9521F9B670002E101B /* ViewController.swift */; };
		753C8B9921F9B670002E101B /* Main.storyboard in Resources */ = {isa = PBXBuildFile; fileRef = 753C8B9721F9B670002E101B /* Main.storyboard */; };
		753C8B9C21F9B670002E101B /* AEON.xcdatamodeld in Sources */ = {isa = PBXBuildFile; fileRef = 753C8B9A21F9B670002E101B /* AEON.xcdatamodeld */; };
		753C8B9E21F9B67B002E101B /* Assets.xcassets in Resources */ = {isa = PBXBuildFile; fileRef = 753C8B9D21F9B67B002E101B /* Assets.xcassets */; };
		753C8BA121F9B67B002E101B /* LaunchScreen.storyboard in Resources */ = {isa = PBXBuildFile; fileRef = 753C8B9F21F9B67B002E101B /* LaunchScreen.storyboard */; };
		7561955D21FC78E60037AF9D /* SecurityQuestionTableViewCell.swift in Sources */ = {isa = PBXBuildFile; fileRef = 7561955B21FC78E60037AF9D /* SecurityQuestionTableViewCell.swift */; };
		7561955E21FC78E60037AF9D /* SecurityQuestionTableViewCell.xib in Resources */ = {isa = PBXBuildFile; fileRef = 7561955C21FC78E60037AF9D /* SecurityQuestionTableViewCell.xib */; };
		75A31DF72200020E002E7336 /* MainViewController.swift in Sources */ = {isa = PBXBuildFile; fileRef = 75A31DF62200020E002E7336 /* MainViewController.swift */; };
		75A31DF92200026C002E7336 /* LoginViewController.swift in Sources */ = {isa = PBXBuildFile; fileRef = 75A31DF82200026C002E7336 /* LoginViewController.swift */; };
		75A31DFF220069F5002E7336 /* SecQuestConfirmViewController.swift in Sources */ = {isa = PBXBuildFile; fileRef = 75A31DFE220069F5002E7336 /* SecQuestConfirmViewController.swift */; };
		75A31E0122006A89002E7336 /* ResetPasswordViewController.swift in Sources */ = {isa = PBXBuildFile; fileRef = 75A31E0022006A89002E7336 /* ResetPasswordViewController.swift */; };
		75A31E0322006B80002E7336 /* ContactUsViewController.swift in Sources */ = {isa = PBXBuildFile; fileRef = 75A31E0222006B80002E7336 /* ContactUsViewController.swift */; };
		75A31E0522006C13002E7336 /* RegistrationViewController.swift in Sources */ = {isa = PBXBuildFile; fileRef = 75A31E0422006C13002E7336 /* RegistrationViewController.swift */; };
		75A31E0922006E40002E7336 /* CustomerInfoUpdateViewController.swift in Sources */ = {isa = PBXBuildFile; fileRef = 75A31E0822006E40002E7336 /* CustomerInfoUpdateViewController.swift */; };
		75A31E0B22006EA7002E7336 /* VerifyMemberViewController.swift in Sources */ = {isa = PBXBuildFile; fileRef = 75A31E0A22006EA7002E7336 /* VerifyMemberViewController.swift */; };
		75A31E0D22006F32002E7336 /* PhotoTakingViewController.swift in Sources */ = {isa = PBXBuildFile; fileRef = 75A31E0C22006F32002E7336 /* PhotoTakingViewController.swift */; };
		75A31E0F22007341002E7336 /* MemberCardInfoViewController.swift in Sources */ = {isa = PBXBuildFile; fileRef = 75A31E0E22007341002E7336 /* MemberCardInfoViewController.swift */; };
		75C9F39521FD9C8A00D65E0A /* QR_codeViewCell.swift in Sources */ = {isa = PBXBuildFile; fileRef = 75C9F39321FD9C8A00D65E0A /* QR_codeViewCell.swift */; };
		75C9F39621FD9C8A00D65E0A /* QR_codeViewCell.xib in Resources */ = {isa = PBXBuildFile; fileRef = 75C9F39421FD9C8A00D65E0A /* QR_codeViewCell.xib */; };
		D2050F53D732D523B81AE0F1 /* Pods_AEONVCS.framework in Frameworks */ = {isa = PBXBuildFile; fileRef = A712A18D38459AD9C982D6BD /* Pods_AEONVCS.framework */; };
/* End PBXBuildFile section */

/* Begin PBXFileReference section */
		047F1610220DA1F70015CDEB /* RegisterData.swift */ = {isa = PBXFileReference; lastKnownFileType = sourcecode.swift; path = RegisterData.swift; sourceTree = "<group>"; };
		04A20AE522141F0000A7C1D9 /* AboutUsViewController.swift */ = {isa = PBXFileReference; lastKnownFileType = sourcecode.swift; path = AboutUsViewController.swift; sourceTree = "<group>"; };
		04A20AE72215847D00A7C1D9 /* AboutUsData.swift */ = {isa = PBXFileReference; lastKnownFileType = sourcecode.swift; path = AboutUsData.swift; sourceTree = "<group>"; };
		04A20AE92215849400A7C1D9 /* AboutUsModel.swift */ = {isa = PBXFileReference; lastKnownFileType = sourcecode.swift; path = AboutUsModel.swift; sourceTree = "<group>"; };
		04A20AEB221584A100A7C1D9 /* AboutUsViewModel.swift */ = {isa = PBXFileReference; lastKnownFileType = sourcecode.swift; path = AboutUsViewModel.swift; sourceTree = "<group>"; };
		04BA7ABD22103796006696E7 /* SecQuesRegisterTableViewCell.swift */ = {isa = PBXFileReference; lastKnownFileType = sourcecode.swift; path = SecQuesRegisterTableViewCell.swift; sourceTree = "<group>"; };
		04BA7ABE22103796006696E7 /* SecQuesRegisterTableViewCell.xib */ = {isa = PBXFileReference; lastKnownFileType = file.xib; path = SecQuesRegisterTableViewCell.xib; sourceTree = "<group>"; };
		04BA7AC122105B72006696E7 /* SecQuesConfirmModel.swift */ = {isa = PBXFileReference; lastKnownFileType = sourcecode.swift; path = SecQuesConfirmModel.swift; sourceTree = "<group>"; };
		04BA7AC3221076DF006696E7 /* SecQuesRegisterViewModel.swift */ = {isa = PBXFileReference; lastKnownFileType = sourcecode.swift; path = SecQuesRegisterViewModel.swift; sourceTree = "<group>"; };
		04BA7AC522107A9D006696E7 /* SecQuesListData.swift */ = {isa = PBXFileReference; lastKnownFileType = sourcecode.swift; path = SecQuesListData.swift; sourceTree = "<group>"; };
		04BA7AC7221089D8006696E7 /* SecQuesRegisterViewController.swift */ = {isa = PBXFileReference; lastKnownFileType = sourcecode.swift; path = SecQuesRegisterViewController.swift; sourceTree = "<group>"; };
		04BA7AC922111C88006696E7 /* SecQuesSaveTableViewCell.swift */ = {isa = PBXFileReference; lastKnownFileType = sourcecode.swift; path = SecQuesSaveTableViewCell.swift; sourceTree = "<group>"; };
		04BA7ACA22111C88006696E7 /* SecQuesSaveTableViewCell.xib */ = {isa = PBXFileReference; lastKnownFileType = file.xib; path = SecQuesSaveTableViewCell.xib; sourceTree = "<group>"; };
		04BA7ACD221317B5006696E7 /* SecQuesConfirmViewModel.swift */ = {isa = PBXFileReference; lastKnownFileType = sourcecode.swift; path = SecQuesConfirmViewModel.swift; sourceTree = "<group>"; };
		04BA7ACF221319F7006696E7 /* UserSecQuesData.swift */ = {isa = PBXFileReference; lastKnownFileType = sourcecode.swift; path = UserSecQuesData.swift; sourceTree = "<group>"; };
		04F0022E22094D21007A9ACF /* RegisterViewModel.swift */ = {isa = PBXFileReference; lastKnownFileType = sourcecode.swift; path = RegisterViewModel.swift; sourceTree = "<group>"; };
		04F0023022094E67007A9ACF /* RegisterModel.swift */ = {isa = PBXFileReference; lastKnownFileType = sourcecode.swift; path = RegisterModel.swift; sourceTree = "<group>"; };
		04F0023222094FCF007A9ACF /* FAQViewModel.swift */ = {isa = PBXFileReference; lastKnownFileType = sourcecode.swift; path = FAQViewModel.swift; sourceTree = "<group>"; };
		11B5C869496E74A33D0068C5 /* Pods_AEON.framework */ = {isa = PBXFileReference; explicitFileType = wrapper.framework; includeInIndex = 0; path = Pods_AEON.framework; sourceTree = BUILT_PRODUCTS_DIR; };
		4FA7DEF980A69C1DB3D34C57 /* Pods-AEON.debug.xcconfig */ = {isa = PBXFileReference; includeInIndex = 1; lastKnownFileType = text.xcconfig; name = "Pods-AEON.debug.xcconfig"; path = "Pods/Target Support Files/Pods-AEON/Pods-AEON.debug.xcconfig"; sourceTree = "<group>"; };
		6A3197962203FE640031D86F /* MemberCardInfoOneViewController.swift */ = {isa = PBXFileReference; lastKnownFileType = sourcecode.swift; path = MemberCardInfoOneViewController.swift; sourceTree = "<group>"; };
		6A3197982203FE770031D86F /* MemberCardInfoTwoViewController.swift */ = {isa = PBXFileReference; lastKnownFileType = sourcecode.swift; path = MemberCardInfoTwoViewController.swift; sourceTree = "<group>"; };
		6A31979A2203FEF60031D86F /* SecurityQuestionUpdateViewController.swift */ = {isa = PBXFileReference; lastKnownFileType = sourcecode.swift; path = SecurityQuestionUpdateViewController.swift; sourceTree = "<group>"; };
		6A31979C2203FF1F0031D86F /* InformationUpdateViewController.swift */ = {isa = PBXFileReference; lastKnownFileType = sourcecode.swift; path = InformationUpdateViewController.swift; sourceTree = "<group>"; };
		6A31979F2203FF830031D86F /* CouponViewController.swift */ = {isa = PBXFileReference; lastKnownFileType = sourcecode.swift; path = CouponViewController.swift; sourceTree = "<group>"; };
		6A3197A12203FF910031D86F /* PromotionViewController.swift */ = {isa = PBXFileReference; lastKnownFileType = sourcecode.swift; path = PromotionViewController.swift; sourceTree = "<group>"; };
		6A3197A32203FF9E0031D86F /* NewsViewController.swift */ = {isa = PBXFileReference; lastKnownFileType = sourcecode.swift; path = NewsViewController.swift; sourceTree = "<group>"; };
		6A3197A62204000F0031D86F /* HotlinePhoneNumberViewController.swift */ = {isa = PBXFileReference; lastKnownFileType = sourcecode.swift; path = HotlinePhoneNumberViewController.swift; sourceTree = "<group>"; };
		6A3197A8220400290031D86F /* MessagingViewController.swift */ = {isa = PBXFileReference; lastKnownFileType = sourcecode.swift; path = MessagingViewController.swift; sourceTree = "<group>"; };
		6A3197AB220400700031D86F /* FaqAndTermsConditionViewController.swift */ = {isa = PBXFileReference; lastKnownFileType = sourcecode.swift; path = FaqAndTermsConditionViewController.swift; sourceTree = "<group>"; };
		6A3197AD2204007E0031D86F /* FAQViewController.swift */ = {isa = PBXFileReference; lastKnownFileType = sourcecode.swift; path = FAQViewController.swift; sourceTree = "<group>"; };
		6A3197AF220400970031D86F /* TermsAndConditionsViewController.swift */ = {isa = PBXFileReference; lastKnownFileType = sourcecode.swift; path = TermsAndConditionsViewController.swift; sourceTree = "<group>"; };
		6A3197B4220401310031D86F /* MembershipViewController.swift */ = {isa = PBXFileReference; lastKnownFileType = sourcecode.swift; path = MembershipViewController.swift; sourceTree = "<group>"; };
		6A3197BC220403140031D86F /* SecQuestionResetPasswordViewController.swift */ = {isa = PBXFileReference; lastKnownFileType = sourcecode.swift; path = SecQuestionResetPasswordViewController.swift; sourceTree = "<group>"; };
		6A6A99262207F00D001C30D2 /* Localizable.swift */ = {isa = PBXFileReference; lastKnownFileType = sourcecode.swift; path = Localizable.swift; sourceTree = "<group>"; };
		6A6A99282207F042001C30D2 /* Locale.swift */ = {isa = PBXFileReference; lastKnownFileType = sourcecode.swift; path = Locale.swift; sourceTree = "<group>"; };
		6A6A992A2207F095001C30D2 /* BaseUIViewController.swift */ = {isa = PBXFileReference; lastKnownFileType = sourcecode.swift; path = BaseUIViewController.swift; sourceTree = "<group>"; };
		6A6A992E2207F0E8001C30D2 /* en.strings */ = {isa = PBXFileReference; lastKnownFileType = text.plist.strings; path = en.strings; sourceTree = "<group>"; };
		6A6A99302207F0F8001C30D2 /* my_MM.strings */ = {isa = PBXFileReference; lastKnownFileType = text.plist.strings; path = my_MM.strings; sourceTree = "<group>"; };
		6A6A99342207F54F001C30D2 /* CouponTableViewCell.swift */ = {isa = PBXFileReference; lastKnownFileType = sourcecode.swift; path = CouponTableViewCell.swift; sourceTree = "<group>"; };
		6A6A99352207F54F001C30D2 /* CouponTableViewCell.xib */ = {isa = PBXFileReference; lastKnownFileType = file.xib; path = CouponTableViewCell.xib; sourceTree = "<group>"; };
		6AC88E122206AE6D0062926F /* LoginData.swift */ = {isa = PBXFileReference; lastKnownFileType = sourcecode.swift; path = LoginData.swift; sourceTree = "<group>"; };
		6AC88E142206AF020062926F /* ApiService.swift */ = {isa = PBXFileReference; lastKnownFileType = sourcecode.swift; path = ApiService.swift; sourceTree = "<group>"; };
		6AC88E162206AF2D0062926F /* Constants.swift */ = {isa = PBXFileReference; lastKnownFileType = sourcecode.swift; path = Constants.swift; sourceTree = "<group>"; };
		6AC88E182206AFC50062926F /* BaseModel.swift */ = {isa = PBXFileReference; lastKnownFileType = sourcecode.swift; path = BaseModel.swift; sourceTree = "<group>"; };
		6AC88E1B2206B0A10062926F /* LoginModel.swift */ = {isa = PBXFileReference; lastKnownFileType = sourcecode.swift; path = LoginModel.swift; sourceTree = "<group>"; };
		6AC88E1D2206BBC50062926F /* LoginViewModel.swift */ = {isa = PBXFileReference; lastKnownFileType = sourcecode.swift; path = LoginViewModel.swift; sourceTree = "<group>"; };
		6AC88E1F2206BF510062926F /* Utils.swift */ = {isa = PBXFileReference; lastKnownFileType = sourcecode.swift; path = Utils.swift; sourceTree = "<group>"; };
		6AC88E212206CEBF0062926F /* AEON.entitlements */ = {isa = PBXFileReference; lastKnownFileType = text.plist.entitlements; path = AEON.entitlements; sourceTree = "<group>"; };
		6AC88E222206D6F70062926F /* CardView.swift */ = {isa = PBXFileReference; lastKnownFileType = sourcecode.swift; path = CardView.swift; sourceTree = "<group>"; };
		6AC88E252206D8580062926F /* MemberCardHeaderView.swift */ = {isa = PBXFileReference; lastKnownFileType = sourcecode.swift; path = MemberCardHeaderView.swift; sourceTree = "<group>"; };
		6AC88E262206D8580062926F /* MemberCardHeaderView.xib */ = {isa = PBXFileReference; lastKnownFileType = file.xib; path = MemberCardHeaderView.xib; sourceTree = "<group>"; };
		6AC88E292206D8AE0062926F /* MemberCardInfoTableViewCell.swift */ = {isa = PBXFileReference; lastKnownFileType = sourcecode.swift; path = MemberCardInfoTableViewCell.swift; sourceTree = "<group>"; };
		6AC88E2A2206D8AE0062926F /* MemberCardInfoTableViewCell.xib */ = {isa = PBXFileReference; lastKnownFileType = file.xib; path = MemberCardInfoTableViewCell.xib; sourceTree = "<group>"; };
		6AC88E322206E5E90062926F /* SecurityQuestionUpdateTableViewCell.swift */ = {isa = PBXFileReference; lastKnownFileType = sourcecode.swift; path = SecurityQuestionUpdateTableViewCell.swift; sourceTree = "<group>"; };
		6AC88E332206E5E90062926F /* SecurityQuestionUpdateTableViewCell.xib */ = {isa = PBXFileReference; lastKnownFileType = file.xib; path = SecurityQuestionUpdateTableViewCell.xib; sourceTree = "<group>"; };
		6AFEBE042205CDDA006D2F81 /* FAQ.swift */ = {isa = PBXFileReference; lastKnownFileType = sourcecode.swift; path = FAQ.swift; sourceTree = "<group>"; };
		6AFEBE092205CEAD006D2F81 /* FAQHeaderView.swift */ = {isa = PBXFileReference; lastKnownFileType = sourcecode.swift; path = FAQHeaderView.swift; sourceTree = "<group>"; };
		6AFEBE0A2205CEAD006D2F81 /* FAQHeaderView.xib */ = {isa = PBXFileReference; lastKnownFileType = file.xib; path = FAQHeaderView.xib; sourceTree = "<group>"; };
		6AFEBE0D2205CEC8006D2F81 /* FAQTableViewCell.swift */ = {isa = PBXFileReference; lastKnownFileType = sourcecode.swift; path = FAQTableViewCell.swift; sourceTree = "<group>"; };
		6AFEBE0E2205CEC8006D2F81 /* FAQTableViewCell.xib */ = {isa = PBXFileReference; lastKnownFileType = file.xib; path = FAQTableViewCell.xib; sourceTree = "<group>"; };
		6AFEBE142205CF45006D2F81 /* UIExtension.swift */ = {isa = PBXFileReference; lastKnownFileType = sourcecode.swift; path = UIExtension.swift; sourceTree = "<group>"; };
		6AFEBE162205D975006D2F81 /* FAQDataModel.swift */ = {isa = PBXFileReference; lastKnownFileType = sourcecode.swift; path = FAQDataModel.swift; sourceTree = "<group>"; };
		752115D1220158BE001BC94A /* SideMenuTableViewController.swift */ = {isa = PBXFileReference; lastKnownFileType = sourcecode.swift; path = SideMenuTableViewController.swift; sourceTree = "<group>"; };
		752115D922016146001BC94A /* HomeViewController.swift */ = {isa = PBXFileReference; lastKnownFileType = sourcecode.swift; path = HomeViewController.swift; sourceTree = "<group>"; };
		752115DB22016193001BC94A /* EventNewViewController.swift */ = {isa = PBXFileReference; lastKnownFileType = sourcecode.swift; path = EventNewViewController.swift; sourceTree = "<group>"; };
		752115DD220161AC001BC94A /* ApplyAeonServiceViewController.swift */ = {isa = PBXFileReference; lastKnownFileType = sourcecode.swift; path = ApplyAeonServiceViewController.swift; sourceTree = "<group>"; };
		752115DF22019378001BC94A /* SecQuesConfirmTableViewCell.swift */ = {isa = PBXFileReference; lastKnownFileType = sourcecode.swift; path = SecQuesConfirmTableViewCell.swift; sourceTree = "<group>"; };
		752115E022019378001BC94A /* SecQuesConfirmTableViewCell.xib */ = {isa = PBXFileReference; lastKnownFileType = file.xib; path = SecQuesConfirmTableViewCell.xib; sourceTree = "<group>"; };
		752115E42201AA4C001BC94A /* SecQuesRegisterModel.swift */ = {isa = PBXFileReference; lastKnownFileType = sourcecode.swift; path = SecQuesRegisterModel.swift; sourceTree = "<group>"; };
		752115E62201CA3B001BC94A /* CustomerTypeViewController.swift */ = {isa = PBXFileReference; lastKnownFileType = sourcecode.swift; path = CustomerTypeViewController.swift; sourceTree = "<group>"; };
		753C8B9021F9B670002E101B /* AEONVCS.app */ = {isa = PBXFileReference; explicitFileType = wrapper.application; includeInIndex = 0; path = AEONVCS.app; sourceTree = BUILT_PRODUCTS_DIR; };
		753C8B9321F9B670002E101B /* AppDelegate.swift */ = {isa = PBXFileReference; lastKnownFileType = sourcecode.swift; path = AppDelegate.swift; sourceTree = "<group>"; };
		753C8B9521F9B670002E101B /* ViewController.swift */ = {isa = PBXFileReference; lastKnownFileType = sourcecode.swift; path = ViewController.swift; sourceTree = "<group>"; };
		753C8B9821F9B670002E101B /* Base */ = {isa = PBXFileReference; lastKnownFileType = file.storyboard; name = Base; path = Base.lproj/Main.storyboard; sourceTree = "<group>"; };
		753C8B9B21F9B670002E101B /* AEON.xcdatamodel */ = {isa = PBXFileReference; lastKnownFileType = wrapper.xcdatamodel; path = AEON.xcdatamodel; sourceTree = "<group>"; };
		753C8B9D21F9B67B002E101B /* Assets.xcassets */ = {isa = PBXFileReference; lastKnownFileType = folder.assetcatalog; path = Assets.xcassets; sourceTree = "<group>"; };
		753C8BA021F9B67B002E101B /* Base */ = {isa = PBXFileReference; lastKnownFileType = file.storyboard; name = Base; path = Base.lproj/LaunchScreen.storyboard; sourceTree = "<group>"; };
		753C8BA221F9B67B002E101B /* Info.plist */ = {isa = PBXFileReference; lastKnownFileType = text.plist.xml; path = Info.plist; sourceTree = "<group>"; };
		7561955B21FC78E60037AF9D /* SecurityQuestionTableViewCell.swift */ = {isa = PBXFileReference; lastKnownFileType = sourcecode.swift; path = SecurityQuestionTableViewCell.swift; sourceTree = "<group>"; };
		7561955C21FC78E60037AF9D /* SecurityQuestionTableViewCell.xib */ = {isa = PBXFileReference; lastKnownFileType = file.xib; path = SecurityQuestionTableViewCell.xib; sourceTree = "<group>"; };
		75A31DF62200020E002E7336 /* MainViewController.swift */ = {isa = PBXFileReference; lastKnownFileType = sourcecode.swift; path = MainViewController.swift; sourceTree = "<group>"; };
		75A31DF82200026C002E7336 /* LoginViewController.swift */ = {isa = PBXFileReference; lastKnownFileType = sourcecode.swift; path = LoginViewController.swift; sourceTree = "<group>"; };
		75A31DFE220069F5002E7336 /* SecQuestConfirmViewController.swift */ = {isa = PBXFileReference; lastKnownFileType = sourcecode.swift; path = SecQuestConfirmViewController.swift; sourceTree = "<group>"; };
		75A31E0022006A89002E7336 /* ResetPasswordViewController.swift */ = {isa = PBXFileReference; lastKnownFileType = sourcecode.swift; path = ResetPasswordViewController.swift; sourceTree = "<group>"; };
		75A31E0222006B80002E7336 /* ContactUsViewController.swift */ = {isa = PBXFileReference; lastKnownFileType = sourcecode.swift; path = ContactUsViewController.swift; sourceTree = "<group>"; };
		75A31E0422006C13002E7336 /* RegistrationViewController.swift */ = {isa = PBXFileReference; lastKnownFileType = sourcecode.swift; path = RegistrationViewController.swift; sourceTree = "<group>"; };
		75A31E0822006E40002E7336 /* CustomerInfoUpdateViewController.swift */ = {isa = PBXFileReference; lastKnownFileType = sourcecode.swift; path = CustomerInfoUpdateViewController.swift; sourceTree = "<group>"; };
		75A31E0A22006EA7002E7336 /* VerifyMemberViewController.swift */ = {isa = PBXFileReference; lastKnownFileType = sourcecode.swift; path = VerifyMemberViewController.swift; sourceTree = "<group>"; };
		75A31E0C22006F32002E7336 /* PhotoTakingViewController.swift */ = {isa = PBXFileReference; lastKnownFileType = sourcecode.swift; path = PhotoTakingViewController.swift; sourceTree = "<group>"; };
		75A31E0E22007341002E7336 /* MemberCardInfoViewController.swift */ = {isa = PBXFileReference; lastKnownFileType = sourcecode.swift; path = MemberCardInfoViewController.swift; sourceTree = "<group>"; };
		75C9F39321FD9C8A00D65E0A /* QR_codeViewCell.swift */ = {isa = PBXFileReference; lastKnownFileType = sourcecode.swift; path = QR_codeViewCell.swift; sourceTree = "<group>"; };
		75C9F39421FD9C8A00D65E0A /* QR_codeViewCell.xib */ = {isa = PBXFileReference; lastKnownFileType = file.xib; path = QR_codeViewCell.xib; sourceTree = "<group>"; };
		802FCD3D50A1E2D1015F39E0 /* Pods-AEON.release.xcconfig */ = {isa = PBXFileReference; includeInIndex = 1; lastKnownFileType = text.xcconfig; name = "Pods-AEON.release.xcconfig"; path = "Pods/Target Support Files/Pods-AEON/Pods-AEON.release.xcconfig"; sourceTree = "<group>"; };
		82F52F3F4C38DE1B8B773E34 /* Pods-AEONVCS.debug.xcconfig */ = {isa = PBXFileReference; includeInIndex = 1; lastKnownFileType = text.xcconfig; name = "Pods-AEONVCS.debug.xcconfig"; path = "Pods/Target Support Files/Pods-AEONVCS/Pods-AEONVCS.debug.xcconfig"; sourceTree = "<group>"; };
		A712A18D38459AD9C982D6BD /* Pods_AEONVCS.framework */ = {isa = PBXFileReference; explicitFileType = wrapper.framework; includeInIndex = 0; path = Pods_AEONVCS.framework; sourceTree = BUILT_PRODUCTS_DIR; };
		C6D53451FF29B672323E566F /* Pods-AEONVCS.release.xcconfig */ = {isa = PBXFileReference; includeInIndex = 1; lastKnownFileType = text.xcconfig; name = "Pods-AEONVCS.release.xcconfig"; path = "Pods/Target Support Files/Pods-AEONVCS/Pods-AEONVCS.release.xcconfig"; sourceTree = "<group>"; };
/* End PBXFileReference section */

/* Begin PBXFrameworksBuildPhase section */
		753C8B8D21F9B670002E101B /* Frameworks */ = {
			isa = PBXFrameworksBuildPhase;
			buildActionMask = 2147483647;
			files = (
				D2050F53D732D523B81AE0F1 /* Pods_AEONVCS.framework in Frameworks */,
			);
			runOnlyForDeploymentPostprocessing = 0;
		};
/* End PBXFrameworksBuildPhase section */

/* Begin PBXGroup section */
		04A20AE422141ED300A7C1D9 /* aboutus */ = {
			isa = PBXGroup;
			children = (
				04A20AE522141F0000A7C1D9 /* AboutUsViewController.swift */,
			);
			path = aboutus;
			sourceTree = "<group>";
		};
		04BA7ABC2210373E006696E7 /* sec_ques_register_cell */ = {
			isa = PBXGroup;
			children = (
				04BA7ABD22103796006696E7 /* SecQuesRegisterTableViewCell.swift */,
				04BA7ABE22103796006696E7 /* SecQuesRegisterTableViewCell.xib */,
				04BA7AC922111C88006696E7 /* SecQuesSaveTableViewCell.swift */,
				04BA7ACA22111C88006696E7 /* SecQuesSaveTableViewCell.xib */,
			);
			path = sec_ques_register_cell;
			sourceTree = "<group>";
		};
		04F0022D22083F97007A9ACF /* customertype */ = {
			isa = PBXGroup;
			children = (
				752115E62201CA3B001BC94A /* CustomerTypeViewController.swift */,
			);
			path = customertype;
			sourceTree = "<group>";
		};
		0D1F6E8BE494C25DD865EF25 /* Pods */ = {
			isa = PBXGroup;
			children = (
				4FA7DEF980A69C1DB3D34C57 /* Pods-AEON.debug.xcconfig */,
				802FCD3D50A1E2D1015F39E0 /* Pods-AEON.release.xcconfig */,
				82F52F3F4C38DE1B8B773E34 /* Pods-AEONVCS.debug.xcconfig */,
				C6D53451FF29B672323E566F /* Pods-AEONVCS.release.xcconfig */,
			);
			name = Pods;
			sourceTree = "<group>";
		};
		6A31979E2203FF5C0031D86F /* event */ = {
			isa = PBXGroup;
			children = (
				752115DB22016193001BC94A /* EventNewViewController.swift */,
				6A31979F2203FF830031D86F /* CouponViewController.swift */,
				6A3197A12203FF910031D86F /* PromotionViewController.swift */,
				6A3197A32203FF9E0031D86F /* NewsViewController.swift */,
			);
			name = event;
			path = "New Group";
			sourceTree = "<group>";
		};
		6A3197A52203FFE40031D86F /* contactus */ = {
			isa = PBXGroup;
			children = (
				75A31E0222006B80002E7336 /* ContactUsViewController.swift */,
				6A3197A62204000F0031D86F /* HotlinePhoneNumberViewController.swift */,
				6A3197A8220400290031D86F /* MessagingViewController.swift */,
			);
			path = contactus;
			sourceTree = "<group>";
		};
		6A3197AA220400500031D86F /* faq */ = {
			isa = PBXGroup;
			children = (
				6A3197AB220400700031D86F /* FaqAndTermsConditionViewController.swift */,
				6A3197AD2204007E0031D86F /* FAQViewController.swift */,
				6A3197AF220400970031D86F /* TermsAndConditionsViewController.swift */,
			);
			path = faq;
			sourceTree = "<group>";
		};
		6A3197B1220400DB0031D86F /* membership */ = {
			isa = PBXGroup;
			children = (
				04F0022D22083F97007A9ACF /* customertype */,
				6A3197B3220400EB0031D86F /* newmember */,
				6A3197B2220400E20031D86F /* member */,
				6A3197B4220401310031D86F /* MembershipViewController.swift */,
			);
			path = membership;
			sourceTree = "<group>";
		};
		6A3197B2220400E20031D86F /* member */ = {
			isa = PBXGroup;
			children = (
				75A31E0E22007341002E7336 /* MemberCardInfoViewController.swift */,
				6A3197982203FE770031D86F /* MemberCardInfoTwoViewController.swift */,
				6A3197962203FE640031D86F /* MemberCardInfoOneViewController.swift */,
			);
			path = member;
			sourceTree = "<group>";
		};
		6A3197B3220400EB0031D86F /* newmember */ = {
			isa = PBXGroup;
			children = (
				75A31E0C22006F32002E7336 /* PhotoTakingViewController.swift */,
				75A31E0A22006EA7002E7336 /* VerifyMemberViewController.swift */,
			);
			path = newmember;
			sourceTree = "<group>";
		};
		6A3197B6220401970031D86F /* informationupdate */ = {
			isa = PBXGroup;
			children = (
				6A31979C2203FF1F0031D86F /* InformationUpdateViewController.swift */,
				6A31979A2203FEF60031D86F /* SecurityQuestionUpdateViewController.swift */,
				75A31E0822006E40002E7336 /* CustomerInfoUpdateViewController.swift */,
			);
			path = informationupdate;
			sourceTree = "<group>";
		};
		6A3197B7220401D50031D86F /* register */ = {
			isa = PBXGroup;
			children = (
				75A31E0422006C13002E7336 /* RegistrationViewController.swift */,
				04BA7AC7221089D8006696E7 /* SecQuesRegisterViewController.swift */,
			);
			path = register;
			sourceTree = "<group>";
		};
		6A3197B8220401DE0031D86F /* forgetpassword */ = {
			isa = PBXGroup;
			children = (
				75A31E0022006A89002E7336 /* ResetPasswordViewController.swift */,
				6A3197BC220403140031D86F /* SecQuestionResetPasswordViewController.swift */,
				75A31DFE220069F5002E7336 /* SecQuestConfirmViewController.swift */,
			);
			path = forgetpassword;
			sourceTree = "<group>";
		};
		6A3197B9220401F70031D86F /* aeonservice */ = {
			isa = PBXGroup;
			children = (
				752115DD220161AC001BC94A /* ApplyAeonServiceViewController.swift */,
			);
			name = aeonservice;
			path = "New Group1";
			sourceTree = "<group>";
		};
		6A3197BA2204020F0031D86F /* home */ = {
			isa = PBXGroup;
			children = (
				752115D1220158BE001BC94A /* SideMenuTableViewController.swift */,
				752115D922016146001BC94A /* HomeViewController.swift */,
			);
			name = home;
			path = "New Group2";
			sourceTree = "<group>";
		};
		6A3197BB220402520031D86F /* login */ = {
			isa = PBXGroup;
			children = (
				75A31DF82200026C002E7336 /* LoginViewController.swift */,
			);
			name = login;
			path = "New Group3";
			sourceTree = "<group>";
		};
		6A6A99252207EFFE001C30D2 /* locale */ = {
			isa = PBXGroup;
			children = (
				6A6A99262207F00D001C30D2 /* Localizable.swift */,
				6A6A99282207F042001C30D2 /* Locale.swift */,
			);
			path = locale;
			sourceTree = "<group>";
		};
		6A6A992C2207F0B5001C30D2 /* resource */ = {
			isa = PBXGroup;
			children = (
				6A6A992D2207F0CC001C30D2 /* Localization */,
				753C8B9D21F9B67B002E101B /* Assets.xcassets */,
			);
			path = resource;
			sourceTree = "<group>";
		};
		6A6A992D2207F0CC001C30D2 /* Localization */ = {
			isa = PBXGroup;
			children = (
				6A6A992E2207F0E8001C30D2 /* en.strings */,
				6A6A99302207F0F8001C30D2 /* my_MM.strings */,
			);
			path = Localization;
			sourceTree = "<group>";
		};
		6A6A99322207F4A8001C30D2 /* event_news_coupon */ = {
			isa = PBXGroup;
			children = (
				6A6A99332207F4B4001C30D2 /* coupon */,
			);
			path = event_news_coupon;
			sourceTree = "<group>";
		};
		6A6A99332207F4B4001C30D2 /* coupon */ = {
			isa = PBXGroup;
			children = (
				6A6A99342207F54F001C30D2 /* CouponTableViewCell.swift */,
				6A6A99352207F54F001C30D2 /* CouponTableViewCell.xib */,
			);
			path = coupon;
			sourceTree = "<group>";
		};
		6AC88E1A2206B05A0062926F /* viewmodel */ = {
			isa = PBXGroup;
			children = (
				6AC88E1D2206BBC50062926F /* LoginViewModel.swift */,
				04F0022E22094D21007A9ACF /* RegisterViewModel.swift */,
				04F0023222094FCF007A9ACF /* FAQViewModel.swift */,
				04BA7AC3221076DF006696E7 /* SecQuesRegisterViewModel.swift */,
				04BA7ACD221317B5006696E7 /* SecQuesConfirmViewModel.swift */,
				04A20AEB221584A100A7C1D9 /* AboutUsViewModel.swift */,
			);
			path = viewmodel;
			sourceTree = "<group>";
		};
		6AC88E242206D7E40062926F /* membercard */ = {
			isa = PBXGroup;
			children = (
				6AC88E252206D8580062926F /* MemberCardHeaderView.swift */,
				6AC88E262206D8580062926F /* MemberCardHeaderView.xib */,
				6AC88E292206D8AE0062926F /* MemberCardInfoTableViewCell.swift */,
				6AC88E2A2206D8AE0062926F /* MemberCardInfoTableViewCell.xib */,
			);
			path = membercard;
			sourceTree = "<group>";
		};
		6AC88E2D2206E3540062926F /* security_question */ = {
			isa = PBXGroup;
			children = (
				6AC88E322206E5E90062926F /* SecurityQuestionUpdateTableViewCell.swift */,
				6AC88E332206E5E90062926F /* SecurityQuestionUpdateTableViewCell.xib */,
			);
			path = security_question;
			sourceTree = "<group>";
		};
		6AFEBE002205CDA1006D2F81 /* data */ = {
			isa = PBXGroup;
			children = (
				6AC88E1A2206B05A0062926F /* viewmodel */,
				6AFEBE032205CDBB006D2F81 /* model */,
				6AFEBE022205CDB0006D2F81 /* struct */,
				6AFEBE012205CDAA006D2F81 /* network */,
			);
			path = data;
			sourceTree = "<group>";
		};
		6AFEBE012205CDAA006D2F81 /* network */ = {
			isa = PBXGroup;
			children = (
				6AC88E142206AF020062926F /* ApiService.swift */,
			);
			path = network;
			sourceTree = "<group>";
		};
		6AFEBE022205CDB0006D2F81 /* struct */ = {
			isa = PBXGroup;
			children = (
				6AFEBE042205CDDA006D2F81 /* FAQ.swift */,
				6AC88E122206AE6D0062926F /* LoginData.swift */,
				047F1610220DA1F70015CDEB /* RegisterData.swift */,
				04BA7AC522107A9D006696E7 /* SecQuesListData.swift */,
				04BA7ACF221319F7006696E7 /* UserSecQuesData.swift */,
				04A20AE72215847D00A7C1D9 /* AboutUsData.swift */,
			);
			name = struct;
			path = "New Group";
			sourceTree = "<group>";
		};
		6AFEBE032205CDBB006D2F81 /* model */ = {
			isa = PBXGroup;
			children = (
				752115E42201AA4C001BC94A /* SecQuesRegisterModel.swift */,
				6AFEBE162205D975006D2F81 /* FAQDataModel.swift */,
				6AC88E182206AFC50062926F /* BaseModel.swift */,
				6AC88E1B2206B0A10062926F /* LoginModel.swift */,
				04F0023022094E67007A9ACF /* RegisterModel.swift */,
				04BA7AC122105B72006696E7 /* SecQuesConfirmModel.swift */,
				04A20AE92215849400A7C1D9 /* AboutUsModel.swift */,
			);
			name = model;
			path = "New Group1";
			sourceTree = "<group>";
		};
		6AFEBE062205CDEB006D2F81 /* ui */ = {
			isa = PBXGroup;
			children = (
				6AFEBE132205CF2C006D2F81 /* customview */,
				6AFEBE072205CDF5006D2F81 /* storyboard */,
				75C9F39121FD9C3100D65E0A /* Cell */,
			);
			name = ui;
			path = "New Group";
			sourceTree = "<group>";
		};
		6AFEBE072205CDF5006D2F81 /* storyboard */ = {
			isa = PBXGroup;
			children = (
				753C8B9721F9B670002E101B /* Main.storyboard */,
			);
			path = storyboard;
			sourceTree = "<group>";
		};
		6AFEBE082205CE2C006D2F81 /* faq */ = {
			isa = PBXGroup;
			children = (
				6AFEBE092205CEAD006D2F81 /* FAQHeaderView.swift */,
				6AFEBE0A2205CEAD006D2F81 /* FAQHeaderView.xib */,
				6AFEBE0D2205CEC8006D2F81 /* FAQTableViewCell.swift */,
				6AFEBE0E2205CEC8006D2F81 /* FAQTableViewCell.xib */,
			);
			path = faq;
			sourceTree = "<group>";
		};
		6AFEBE112205CF16006D2F81 /* util */ = {
			isa = PBXGroup;
			children = (
				6A6A99252207EFFE001C30D2 /* locale */,
				6AFEBE122205CF1F006D2F81 /* extension */,
				6AC88E162206AF2D0062926F /* Constants.swift */,
				6AC88E1F2206BF510062926F /* Utils.swift */,
			);
			path = util;
			sourceTree = "<group>";
		};
		6AFEBE122205CF1F006D2F81 /* extension */ = {
			isa = PBXGroup;
			children = (
				6AFEBE142205CF45006D2F81 /* UIExtension.swift */,
			);
			path = extension;
			sourceTree = "<group>";
		};
		6AFEBE132205CF2C006D2F81 /* customview */ = {
			isa = PBXGroup;
			children = (
				6AC88E222206D6F70062926F /* CardView.swift */,
			);
			path = customview;
			sourceTree = "<group>";
		};
		753C8B8721F9B670002E101B = {
			isa = PBXGroup;
			children = (
				753C8B9221F9B670002E101B /* AEON */,
				753C8B9121F9B670002E101B /* Products */,
				0D1F6E8BE494C25DD865EF25 /* Pods */,
				BAC2EBB666E1965C731BE89D /* Frameworks */,
			);
			sourceTree = "<group>";
		};
		753C8B9121F9B670002E101B /* Products */ = {
			isa = PBXGroup;
			children = (
				753C8B9021F9B670002E101B /* AEONVCS.app */,
			);
			name = Products;
			sourceTree = "<group>";
		};
		753C8B9221F9B670002E101B /* AEON */ = {
			isa = PBXGroup;
			children = (
				6AC88E212206CEBF0062926F /* AEON.entitlements */,
				6AFEBE112205CF16006D2F81 /* util */,
				6AFEBE062205CDEB006D2F81 /* ui */,
				6AFEBE002205CDA1006D2F81 /* data */,
				75A31DF522000182002E7336 /* controllers */,
				6A6A992C2207F0B5001C30D2 /* resource */,
				753C8B9321F9B670002E101B /* AppDelegate.swift */,
				753C8B9521F9B670002E101B /* ViewController.swift */,
				753C8B9F21F9B67B002E101B /* LaunchScreen.storyboard */,
				753C8BA221F9B67B002E101B /* Info.plist */,
				753C8B9A21F9B670002E101B /* AEON.xcdatamodeld */,
			);
			path = AEON;
			sourceTree = "<group>";
		};
		7561955A21FC77B70037AF9D /* sec_ques_cell */ = {
			isa = PBXGroup;
			children = (
				7561955B21FC78E60037AF9D /* SecurityQuestionTableViewCell.swift */,
				7561955C21FC78E60037AF9D /* SecurityQuestionTableViewCell.xib */,
			);
			path = sec_ques_cell;
			sourceTree = "<group>";
		};
		75A31DF522000182002E7336 /* controllers */ = {
			isa = PBXGroup;
			children = (
				04A20AE422141ED300A7C1D9 /* aboutus */,
				6A3197BB220402520031D86F /* login */,
				6A3197BA2204020F0031D86F /* home */,
				6A3197B9220401F70031D86F /* aeonservice */,
				6A3197B8220401DE0031D86F /* forgetpassword */,
				6A3197B7220401D50031D86F /* register */,
				6A3197B6220401970031D86F /* informationupdate */,
				6A3197B1220400DB0031D86F /* membership */,
				6A3197AA220400500031D86F /* faq */,
				6A3197A52203FFE40031D86F /* contactus */,
				6A31979E2203FF5C0031D86F /* event */,
				75A31DF62200020E002E7336 /* MainViewController.swift */,
				6A6A992A2207F095001C30D2 /* BaseUIViewController.swift */,
			);
			path = controllers;
			sourceTree = "<group>";
		};
		75A31E10220079C4002E7336 /* seq_ques_confirm_cell */ = {
			isa = PBXGroup;
			children = (
				752115DF22019378001BC94A /* SecQuesConfirmTableViewCell.swift */,
				752115E022019378001BC94A /* SecQuesConfirmTableViewCell.xib */,
			);
			path = seq_ques_confirm_cell;
			sourceTree = "<group>";
		};
		75C9F39121FD9C3100D65E0A /* Cell */ = {
			isa = PBXGroup;
			children = (
				04BA7ABC2210373E006696E7 /* sec_ques_register_cell */,
				6A6A99322207F4A8001C30D2 /* event_news_coupon */,
				6AC88E2D2206E3540062926F /* security_question */,
				6AC88E242206D7E40062926F /* membercard */,
				6AFEBE082205CE2C006D2F81 /* faq */,
				75A31E10220079C4002E7336 /* seq_ques_confirm_cell */,
				75C9F39221FD9C4500D65E0A /* QR_code_cell */,
				7561955A21FC77B70037AF9D /* sec_ques_cell */,
			);
			path = Cell;
			sourceTree = "<group>";
		};
		75C9F39221FD9C4500D65E0A /* QR_code_cell */ = {
			isa = PBXGroup;
			children = (
				75C9F39321FD9C8A00D65E0A /* QR_codeViewCell.swift */,
				75C9F39421FD9C8A00D65E0A /* QR_codeViewCell.xib */,
			);
			path = QR_code_cell;
			sourceTree = "<group>";
		};
		BAC2EBB666E1965C731BE89D /* Frameworks */ = {
			isa = PBXGroup;
			children = (
				11B5C869496E74A33D0068C5 /* Pods_AEON.framework */,
				A712A18D38459AD9C982D6BD /* Pods_AEONVCS.framework */,
			);
			name = Frameworks;
			sourceTree = "<group>";
		};
/* End PBXGroup section */

/* Begin PBXNativeTarget section */
		753C8B8F21F9B670002E101B /* AEONVCS */ = {
			isa = PBXNativeTarget;
			buildConfigurationList = 753C8BA521F9B67B002E101B /* Build configuration list for PBXNativeTarget "AEONVCS" */;
			buildPhases = (
				91CEE6F580328DB60D9D96F3 /* [CP] Check Pods Manifest.lock */,
				753C8B8C21F9B670002E101B /* Sources */,
				753C8B8D21F9B670002E101B /* Frameworks */,
				753C8B8E21F9B670002E101B /* Resources */,
				973002E6173498D0CCD7DDD2 /* [CP] Embed Pods Frameworks */,
			);
			buildRules = (
			);
			dependencies = (
			);
			name = AEONVCS;
			productName = AEON;
			productReference = 753C8B9021F9B670002E101B /* AEONVCS.app */;
			productType = "com.apple.product-type.application";
		};
/* End PBXNativeTarget section */

/* Begin PBXProject section */
		753C8B8821F9B670002E101B /* Project object */ = {
			isa = PBXProject;
			attributes = {
				LastSwiftUpdateCheck = 1010;
				LastUpgradeCheck = 1010;
				ORGANIZATIONNAME = "AEON microfinance";
				TargetAttributes = {
					753C8B8F21F9B670002E101B = {
						CreatedOnToolsVersion = 10.1;
						SystemCapabilities = {
							com.apple.AccessWiFi = {
								enabled = 0;
							};
							com.apple.Siri = {
								enabled = 0;
							};
						};
					};
				};
			};
			buildConfigurationList = 753C8B8B21F9B670002E101B /* Build configuration list for PBXProject "AEONVCS" */;
			compatibilityVersion = "Xcode 9.3";
			developmentRegion = en;
			hasScannedForEncodings = 0;
			knownRegions = (
				en,
				Base,
			);
			mainGroup = 753C8B8721F9B670002E101B;
			productRefGroup = 753C8B9121F9B670002E101B /* Products */;
			projectDirPath = "";
			projectRoot = "";
			targets = (
				753C8B8F21F9B670002E101B /* AEONVCS */,
			);
		};
/* End PBXProject section */

/* Begin PBXResourcesBuildPhase section */
		753C8B8E21F9B670002E101B /* Resources */ = {
			isa = PBXResourcesBuildPhase;
			buildActionMask = 2147483647;
			files = (
				6AFEBE102205CEC8006D2F81 /* FAQTableViewCell.xib in Resources */,
				6AC88E2C2206D8AE0062926F /* MemberCardInfoTableViewCell.xib in Resources */,
				6A6A99312207F0F8001C30D2 /* my_MM.strings in Resources */,
				6AC88E352206E5E90062926F /* SecurityQuestionUpdateTableViewCell.xib in Resources */,
				753C8BA121F9B67B002E101B /* LaunchScreen.storyboard in Resources */,
				753C8B9E21F9B67B002E101B /* Assets.xcassets in Resources */,
				753C8B9921F9B670002E101B /* Main.storyboard in Resources */,
				6AC88E282206D8580062926F /* MemberCardHeaderView.xib in Resources */,
				04BA7ACC22111C88006696E7 /* SecQuesSaveTableViewCell.xib in Resources */,
				6AFEBE0C2205CEAD006D2F81 /* FAQHeaderView.xib in Resources */,
				7561955E21FC78E60037AF9D /* SecurityQuestionTableViewCell.xib in Resources */,
				6A6A992F2207F0E8001C30D2 /* en.strings in Resources */,
				6A6A99372207F54F001C30D2 /* CouponTableViewCell.xib in Resources */,
				04BA7AC022103796006696E7 /* SecQuesRegisterTableViewCell.xib in Resources */,
				752115E222019378001BC94A /* SecQuesConfirmTableViewCell.xib in Resources */,
				75C9F39621FD9C8A00D65E0A /* QR_codeViewCell.xib in Resources */,
			);
			runOnlyForDeploymentPostprocessing = 0;
		};
/* End PBXResourcesBuildPhase section */

/* Begin PBXShellScriptBuildPhase section */
		91CEE6F580328DB60D9D96F3 /* [CP] Check Pods Manifest.lock */ = {
			isa = PBXShellScriptBuildPhase;
			buildActionMask = 2147483647;
			files = (
			);
			inputFileListPaths = (
			);
			inputPaths = (
				"${PODS_PODFILE_DIR_PATH}/Podfile.lock",
				"${PODS_ROOT}/Manifest.lock",
			);
			name = "[CP] Check Pods Manifest.lock";
			outputFileListPaths = (
			);
			outputPaths = (
				"$(DERIVED_FILE_DIR)/Pods-AEONVCS-checkManifestLockResult.txt",
			);
			runOnlyForDeploymentPostprocessing = 0;
			shellPath = /bin/sh;
			shellScript = "diff \"${PODS_PODFILE_DIR_PATH}/Podfile.lock\" \"${PODS_ROOT}/Manifest.lock\" > /dev/null\nif [ $? != 0 ] ; then\n    # print error to STDERR\n    echo \"error: The sandbox is not in sync with the Podfile.lock. Run 'pod install' or update your CocoaPods installation.\" >&2\n    exit 1\nfi\n# This output is used by Xcode 'outputs' to avoid re-running this script phase.\necho \"SUCCESS\" > \"${SCRIPT_OUTPUT_FILE_0}\"\n";
			showEnvVarsInLog = 0;
		};
		973002E6173498D0CCD7DDD2 /* [CP] Embed Pods Frameworks */ = {
			isa = PBXShellScriptBuildPhase;
			buildActionMask = 2147483647;
			files = (
			);
			inputFileListPaths = (
			);
			inputPaths = (
				"${SRCROOT}/Pods/Target Support Files/Pods-AEONVCS/Pods-AEONVCS-frameworks.sh",
				"${BUILT_PRODUCTS_DIR}/Alamofire/Alamofire.framework",
				"${BUILT_PRODUCTS_DIR}/DatePickerDialog/DatePickerDialog.framework",
				"${BUILT_PRODUCTS_DIR}/Kingfisher/Kingfisher.framework",
				"${BUILT_PRODUCTS_DIR}/SideMenu/SideMenu.framework",
				"${BUILT_PRODUCTS_DIR}/SwiftyJSON/SwiftyJSON.framework",
			);
			name = "[CP] Embed Pods Frameworks";
			outputFileListPaths = (
			);
			outputPaths = (
				"${TARGET_BUILD_DIR}/${FRAMEWORKS_FOLDER_PATH}/Alamofire.framework",
				"${TARGET_BUILD_DIR}/${FRAMEWORKS_FOLDER_PATH}/DatePickerDialog.framework",
				"${TARGET_BUILD_DIR}/${FRAMEWORKS_FOLDER_PATH}/Kingfisher.framework",
				"${TARGET_BUILD_DIR}/${FRAMEWORKS_FOLDER_PATH}/SideMenu.framework",
				"${TARGET_BUILD_DIR}/${FRAMEWORKS_FOLDER_PATH}/SwiftyJSON.framework",
			);
			runOnlyForDeploymentPostprocessing = 0;
			shellPath = /bin/sh;
			shellScript = "\"${SRCROOT}/Pods/Target Support Files/Pods-AEONVCS/Pods-AEONVCS-frameworks.sh\"\n";
			showEnvVarsInLog = 0;
		};
/* End PBXShellScriptBuildPhase section */

/* Begin PBXSourcesBuildPhase section */
		753C8B8C21F9B670002E101B /* Sources */ = {
			isa = PBXSourcesBuildPhase;
			buildActionMask = 2147483647;
			files = (
				75A31E0B22006EA7002E7336 /* VerifyMemberViewController.swift in Sources */,
				04A20AE82215847D00A7C1D9 /* AboutUsData.swift in Sources */,
				75A31E0122006A89002E7336 /* ResetPasswordViewController.swift in Sources */,
				752115DC22016193001BC94A /* EventNewViewController.swift in Sources */,
				6A3197A42203FF9E0031D86F /* NewsViewController.swift in Sources */,
				6A31979D2203FF1F0031D86F /* InformationUpdateViewController.swift in Sources */,
				75A31E0F22007341002E7336 /* MemberCardInfoViewController.swift in Sources */,
				752115DE220161AC001BC94A /* ApplyAeonServiceViewController.swift in Sources */,
				04A20AEA2215849400A7C1D9 /* AboutUsModel.swift in Sources */,
				6A3197AE2204007E0031D86F /* FAQViewController.swift in Sources */,
				047F1611220DA1F70015CDEB /* RegisterData.swift in Sources */,
				6A3197992203FE770031D86F /* MemberCardInfoTwoViewController.swift in Sources */,
				6AC88E192206AFC50062926F /* BaseModel.swift in Sources */,
				75A31DFF220069F5002E7336 /* SecQuestConfirmViewController.swift in Sources */,
				04BA7AC222105B72006696E7 /* SecQuesConfirmModel.swift in Sources */,
				6A3197A02203FF830031D86F /* CouponViewController.swift in Sources */,
				04A20AEC221584A100A7C1D9 /* AboutUsViewModel.swift in Sources */,
				04BA7AD0221319F7006696E7 /* UserSecQuesData.swift in Sources */,
				6A6A99272207F00D001C30D2 /* Localizable.swift in Sources */,
				04A20AE622141F0000A7C1D9 /* AboutUsViewController.swift in Sources */,
				752115DA22016146001BC94A /* HomeViewController.swift in Sources */,
				6AC88E1C2206B0A10062926F /* LoginModel.swift in Sources */,
				6AC88E342206E5E90062926F /* SecurityQuestionUpdateTableViewCell.swift in Sources */,
				6A3197B5220401310031D86F /* MembershipViewController.swift in Sources */,
				75A31DF92200026C002E7336 /* LoginViewController.swift in Sources */,
				75A31E0522006C13002E7336 /* RegistrationViewController.swift in Sources */,
				6A6A99362207F54F001C30D2 /* CouponTableViewCell.swift in Sources */,
				752115E52201AA4C001BC94A /* SecQuesRegisterModel.swift in Sources */,
				75A31E0922006E40002E7336 /* CustomerInfoUpdateViewController.swift in Sources */,
				6AC88E272206D8580062926F /* MemberCardHeaderView.swift in Sources */,
				75C9F39521FD9C8A00D65E0A /* QR_codeViewCell.swift in Sources */,
				752115E72201CA3B001BC94A /* CustomerTypeViewController.swift in Sources */,
				6A3197BD220403140031D86F /* SecQuestionResetPasswordViewController.swift in Sources */,
				6A6A992B2207F095001C30D2 /* BaseUIViewController.swift in Sources */,
				753C8B9C21F9B670002E101B /* AEON.xcdatamodeld in Sources */,
				6AC88E202206BF510062926F /* Utils.swift in Sources */,
				75A31E0D22006F32002E7336 /* PhotoTakingViewController.swift in Sources */,
				6A3197972203FE640031D86F /* MemberCardInfoOneViewController.swift in Sources */,
				6AC88E172206AF2D0062926F /* Constants.swift in Sources */,
				6AC88E132206AE6D0062926F /* LoginData.swift in Sources */,
				6AC88E232206D6F70062926F /* CardView.swift in Sources */,
				04BA7ACB22111C88006696E7 /* SecQuesSaveTableViewCell.swift in Sources */,
				6AC88E1E2206BBC50062926F /* LoginViewModel.swift in Sources */,
				6AFEBE152205CF45006D2F81 /* UIExtension.swift in Sources */,
				6A3197A22203FF910031D86F /* PromotionViewController.swift in Sources */,
				6A3197A9220400290031D86F /* MessagingViewController.swift in Sources */,
				7561955D21FC78E60037AF9D /* SecurityQuestionTableViewCell.swift in Sources */,
				6AFEBE0B2205CEAD006D2F81 /* FAQHeaderView.swift in Sources */,
				75A31DF72200020E002E7336 /* MainViewController.swift in Sources */,
				04BA7AC8221089D8006696E7 /* SecQuesRegisterViewController.swift in Sources */,
				752115D2220158BE001BC94A /* SideMenuTableViewController.swift in Sources */,
				6AFEBE052205CDDA006D2F81 /* FAQ.swift in Sources */,
				6A3197A72204000F0031D86F /* HotlinePhoneNumberViewController.swift in Sources */,
				6AC88E2B2206D8AE0062926F /* MemberCardInfoTableViewCell.swift in Sources */,
				04BA7ACE221317B5006696E7 /* SecQuesConfirmViewModel.swift in Sources */,
				04BA7AC4221076DF006696E7 /* SecQuesRegisterViewModel.swift in Sources */,
				75A31E0322006B80002E7336 /* ContactUsViewController.swift in Sources */,
				04F0022F22094D21007A9ACF /* RegisterViewModel.swift in Sources */,
				04F0023322094FCF007A9ACF /* FAQViewModel.swift in Sources */,
				6A3197AC220400700031D86F /* FaqAndTermsConditionViewController.swift in Sources */,
				04F0023122094E67007A9ACF /* RegisterModel.swift in Sources */,
				753C8B9621F9B670002E101B /* ViewController.swift in Sources */,
				753C8B9421F9B670002E101B /* AppDelegate.swift in Sources */,
				6A6A99292207F042001C30D2 /* Locale.swift in Sources */,
				6AFEBE172205D975006D2F81 /* FAQDataModel.swift in Sources */,
				6AFEBE0F2205CEC8006D2F81 /* FAQTableViewCell.swift in Sources */,
				752115E122019378001BC94A /* SecQuesConfirmTableViewCell.swift in Sources */,
				04BA7ABF22103796006696E7 /* SecQuesRegisterTableViewCell.swift in Sources */,
				6A3197B0220400970031D86F /* TermsAndConditionsViewController.swift in Sources */,
				6A31979B2203FEF60031D86F /* SecurityQuestionUpdateViewController.swift in Sources */,
				6AC88E152206AF020062926F /* ApiService.swift in Sources */,
				04BA7AC622107A9D006696E7 /* SecQuesListData.swift in Sources */,
			);
			runOnlyForDeploymentPostprocessing = 0;
		};
/* End PBXSourcesBuildPhase section */

/* Begin PBXVariantGroup section */
		753C8B9721F9B670002E101B /* Main.storyboard */ = {
			isa = PBXVariantGroup;
			children = (
				753C8B9821F9B670002E101B /* Base */,
			);
			name = Main.storyboard;
			sourceTree = "<group>";
		};
		753C8B9F21F9B67B002E101B /* LaunchScreen.storyboard */ = {
			isa = PBXVariantGroup;
			children = (
				753C8BA021F9B67B002E101B /* Base */,
			);
			name = LaunchScreen.storyboard;
			sourceTree = "<group>";
		};
/* End PBXVariantGroup section */

/* Begin XCBuildConfiguration section */
		753C8BA321F9B67B002E101B /* Debug */ = {
			isa = XCBuildConfiguration;
			buildSettings = {
				ALWAYS_SEARCH_USER_PATHS = NO;
				CLANG_ANALYZER_NONNULL = YES;
				CLANG_ANALYZER_NUMBER_OBJECT_CONVERSION = YES_AGGRESSIVE;
				CLANG_CXX_LANGUAGE_STANDARD = "gnu++14";
				CLANG_CXX_LIBRARY = "libc++";
				CLANG_ENABLE_MODULES = YES;
				CLANG_ENABLE_OBJC_ARC = YES;
				CLANG_ENABLE_OBJC_WEAK = YES;
				CLANG_WARN_BLOCK_CAPTURE_AUTORELEASING = YES;
				CLANG_WARN_BOOL_CONVERSION = YES;
				CLANG_WARN_COMMA = YES;
				CLANG_WARN_CONSTANT_CONVERSION = YES;
				CLANG_WARN_DEPRECATED_OBJC_IMPLEMENTATIONS = YES;
				CLANG_WARN_DIRECT_OBJC_ISA_USAGE = YES_ERROR;
				CLANG_WARN_DOCUMENTATION_COMMENTS = YES;
				CLANG_WARN_EMPTY_BODY = YES;
				CLANG_WARN_ENUM_CONVERSION = YES;
				CLANG_WARN_INFINITE_RECURSION = YES;
				CLANG_WARN_INT_CONVERSION = YES;
				CLANG_WARN_NON_LITERAL_NULL_CONVERSION = YES;
				CLANG_WARN_OBJC_IMPLICIT_RETAIN_SELF = YES;
				CLANG_WARN_OBJC_LITERAL_CONVERSION = YES;
				CLANG_WARN_OBJC_ROOT_CLASS = YES_ERROR;
				CLANG_WARN_RANGE_LOOP_ANALYSIS = YES;
				CLANG_WARN_STRICT_PROTOTYPES = YES;
				CLANG_WARN_SUSPICIOUS_MOVE = YES;
				CLANG_WARN_UNGUARDED_AVAILABILITY = YES_AGGRESSIVE;
				CLANG_WARN_UNREACHABLE_CODE = YES;
				CLANG_WARN__DUPLICATE_METHOD_MATCH = YES;
				CODE_SIGN_IDENTITY = "iPhone Developer";
				COPY_PHASE_STRIP = NO;
				DEBUG_INFORMATION_FORMAT = dwarf;
				ENABLE_STRICT_OBJC_MSGSEND = YES;
				ENABLE_TESTABILITY = YES;
				GCC_C_LANGUAGE_STANDARD = gnu11;
				GCC_DYNAMIC_NO_PIC = NO;
				GCC_NO_COMMON_BLOCKS = YES;
				GCC_OPTIMIZATION_LEVEL = 0;
				GCC_PREPROCESSOR_DEFINITIONS = (
					"DEBUG=1",
					"$(inherited)",
				);
				GCC_WARN_64_TO_32_BIT_CONVERSION = YES;
				GCC_WARN_ABOUT_RETURN_TYPE = YES_ERROR;
				GCC_WARN_UNDECLARED_SELECTOR = YES;
				GCC_WARN_UNINITIALIZED_AUTOS = YES_AGGRESSIVE;
				GCC_WARN_UNUSED_FUNCTION = YES;
				GCC_WARN_UNUSED_VARIABLE = YES;
				IPHONEOS_DEPLOYMENT_TARGET = 11.0;
				MTL_ENABLE_DEBUG_INFO = INCLUDE_SOURCE;
				MTL_FAST_MATH = YES;
				ONLY_ACTIVE_ARCH = YES;
				SDKROOT = iphoneos;
				SWIFT_ACTIVE_COMPILATION_CONDITIONS = DEBUG;
				SWIFT_OPTIMIZATION_LEVEL = "-Onone";
			};
			name = Debug;
		};
		753C8BA421F9B67B002E101B /* Release */ = {
			isa = XCBuildConfiguration;
			buildSettings = {
				ALWAYS_SEARCH_USER_PATHS = NO;
				CLANG_ANALYZER_NONNULL = YES;
				CLANG_ANALYZER_NUMBER_OBJECT_CONVERSION = YES_AGGRESSIVE;
				CLANG_CXX_LANGUAGE_STANDARD = "gnu++14";
				CLANG_CXX_LIBRARY = "libc++";
				CLANG_ENABLE_MODULES = YES;
				CLANG_ENABLE_OBJC_ARC = YES;
				CLANG_ENABLE_OBJC_WEAK = YES;
				CLANG_WARN_BLOCK_CAPTURE_AUTORELEASING = YES;
				CLANG_WARN_BOOL_CONVERSION = YES;
				CLANG_WARN_COMMA = YES;
				CLANG_WARN_CONSTANT_CONVERSION = YES;
				CLANG_WARN_DEPRECATED_OBJC_IMPLEMENTATIONS = YES;
				CLANG_WARN_DIRECT_OBJC_ISA_USAGE = YES_ERROR;
				CLANG_WARN_DOCUMENTATION_COMMENTS = YES;
				CLANG_WARN_EMPTY_BODY = YES;
				CLANG_WARN_ENUM_CONVERSION = YES;
				CLANG_WARN_INFINITE_RECURSION = YES;
				CLANG_WARN_INT_CONVERSION = YES;
				CLANG_WARN_NON_LITERAL_NULL_CONVERSION = YES;
				CLANG_WARN_OBJC_IMPLICIT_RETAIN_SELF = YES;
				CLANG_WARN_OBJC_LITERAL_CONVERSION = YES;
				CLANG_WARN_OBJC_ROOT_CLASS = YES_ERROR;
				CLANG_WARN_RANGE_LOOP_ANALYSIS = YES;
				CLANG_WARN_STRICT_PROTOTYPES = YES;
				CLANG_WARN_SUSPICIOUS_MOVE = YES;
				CLANG_WARN_UNGUARDED_AVAILABILITY = YES_AGGRESSIVE;
				CLANG_WARN_UNREACHABLE_CODE = YES;
				CLANG_WARN__DUPLICATE_METHOD_MATCH = YES;
				CODE_SIGN_IDENTITY = "iPhone Developer";
				COPY_PHASE_STRIP = NO;
				DEBUG_INFORMATION_FORMAT = "dwarf-with-dsym";
				ENABLE_NS_ASSERTIONS = NO;
				ENABLE_STRICT_OBJC_MSGSEND = YES;
				GCC_C_LANGUAGE_STANDARD = gnu11;
				GCC_NO_COMMON_BLOCKS = YES;
				GCC_WARN_64_TO_32_BIT_CONVERSION = YES;
				GCC_WARN_ABOUT_RETURN_TYPE = YES_ERROR;
				GCC_WARN_UNDECLARED_SELECTOR = YES;
				GCC_WARN_UNINITIALIZED_AUTOS = YES_AGGRESSIVE;
				GCC_WARN_UNUSED_FUNCTION = YES;
				GCC_WARN_UNUSED_VARIABLE = YES;
				IPHONEOS_DEPLOYMENT_TARGET = 11.0;
				MTL_ENABLE_DEBUG_INFO = NO;
				MTL_FAST_MATH = YES;
				SDKROOT = iphoneos;
				SWIFT_COMPILATION_MODE = wholemodule;
				SWIFT_OPTIMIZATION_LEVEL = "-O";
				VALIDATE_PRODUCT = YES;
			};
			name = Release;
		};
		753C8BA621F9B67B002E101B /* Debug */ = {
			isa = XCBuildConfiguration;
			baseConfigurationReference = 82F52F3F4C38DE1B8B773E34 /* Pods-AEONVCS.debug.xcconfig */;
			buildSettings = {
				ASSETCATALOG_COMPILER_APPICON_NAME = AppIcon;
				CODE_SIGN_STYLE = Automatic;
				DEVELOPMENT_TEAM = RD2RZNNY89;
				INFOPLIST_FILE = AEON/Info.plist;
				IPHONEOS_DEPLOYMENT_TARGET = 10.0;
				LD_RUNPATH_SEARCH_PATHS = (
					"$(inherited)",
					"@executable_path/Frameworks",
				);
				PRODUCT_BUNDLE_IDENTIFIER = mm.com.aeon.vcs.AEON;
				PRODUCT_NAME = "$(TARGET_NAME)";
				SWIFT_VERSION = 4.2;
				TARGETED_DEVICE_FAMILY = "1,2";
			};
			name = Debug;
		};
		753C8BA721F9B67B002E101B /* Release */ = {
			isa = XCBuildConfiguration;
			baseConfigurationReference = C6D53451FF29B672323E566F /* Pods-AEONVCS.release.xcconfig */;
			buildSettings = {
				ASSETCATALOG_COMPILER_APPICON_NAME = AppIcon;
				CODE_SIGN_STYLE = Automatic;
				DEVELOPMENT_TEAM = RD2RZNNY89;
				INFOPLIST_FILE = AEON/Info.plist;
				IPHONEOS_DEPLOYMENT_TARGET = 10.0;
				LD_RUNPATH_SEARCH_PATHS = (
					"$(inherited)",
					"@executable_path/Frameworks",
				);
				PRODUCT_BUNDLE_IDENTIFIER = mm.com.aeon.vcs.AEON;
				PRODUCT_NAME = "$(TARGET_NAME)";
				SWIFT_VERSION = 4.2;
				TARGETED_DEVICE_FAMILY = "1,2";
			};
			name = Release;
		};
/* End XCBuildConfiguration section */

/* Begin XCConfigurationList section */
		753C8B8B21F9B670002E101B /* Build configuration list for PBXProject "AEONVCS" */ = {
			isa = XCConfigurationList;
			buildConfigurations = (
				753C8BA321F9B67B002E101B /* Debug */,
				753C8BA421F9B67B002E101B /* Release */,
			);
			defaultConfigurationIsVisible = 0;
			defaultConfigurationName = Release;
		};
		753C8BA521F9B67B002E101B /* Build configuration list for PBXNativeTarget "AEONVCS" */ = {
			isa = XCConfigurationList;
			buildConfigurations = (
				753C8BA621F9B67B002E101B /* Debug */,
				753C8BA721F9B67B002E101B /* Release */,
			);
			defaultConfigurationIsVisible = 0;
			defaultConfigurationName = Release;
		};
/* End XCConfigurationList section */

/* Begin XCVersionGroup section */
		753C8B9A21F9B670002E101B /* AEON.xcdatamodeld */ = {
			isa = XCVersionGroup;
			children = (
				753C8B9B21F9B670002E101B /* AEON.xcdatamodel */,
			);
			currentVersion = 753C8B9B21F9B670002E101B /* AEON.xcdatamodel */;
			path = AEON.xcdatamodeld;
			sourceTree = "<group>";
			versionGroupType = wrapper.xcdatamodel;
		};
/* End XCVersionGroup section */
	};
	rootObject = 753C8B8821F9B670002E101B /* Project object */;
}
