PODS:
  - AAViewAnimator (1.0)
  - Alamofire (4.8.1)
  - AlamofireImage (3.5.0):
    - Alamofire (~> 4.8)
  - DatePickerDialog (2.0)
  - Firebase/Analytics (6.31.1):
    - Firebase/Core
  - Firebase/Core (6.31.1):
    - Firebase/CoreOnly
    - FirebaseAnalytics (= 6.8.0)
  - Firebase/CoreOnly (6.31.1):
    - FirebaseCore (= 6.10.1)
  - Firebase/Messaging (6.31.1):
    - Firebase/CoreOnly
    - FirebaseMessaging (~> 4.6.2)
  - FirebaseAnalytics (6.8.0):
    - FirebaseCore (~> 6.10)
    - FirebaseInstallations (~> 1.6)
    - GoogleAppMeasurement (= 6.8.0)
    - GoogleUtilities/AppDelegateSwizzler (~> 6.7)
    - GoogleUtilities/MethodSwizzler (~> 6.7)
    - GoogleUtilities/Network (~> 6.7)
    - "GoogleUtilities/NSData+zlib (~> 6.7)"
    - nanopb (~> 1.30906.0)
  - FirebaseCore (6.10.1):
    - FirebaseCoreDiagnostics (~> 1.6)
    - GoogleUtilities/Environment (~> 6.7)
    - GoogleUtilities/Logger (~> 6.7)
  - FirebaseCoreDiagnostics (1.6.0):
    - GoogleDataTransport (~> 7.2)
    - GoogleUtilities/Environment (~> 6.7)
    - GoogleUtilities/Logger (~> 6.7)
    - nanopb (~> 1.30906.0)
  - FirebaseInstallations (1.7.0):
    - FirebaseCore (~> 6.10)
    - GoogleUtilities/Environment (~> 6.7)
    - GoogleUtilities/UserDefaults (~> 6.7)
    - PromisesObjC (~> 1.2)
  - FirebaseInstanceID (4.6.0):
    - FirebaseCore (~> 6.10)
    - FirebaseInstallations (~> 1.6)
    - GoogleUtilities/Environment (~> 6.7)
    - GoogleUtilities/UserDefaults (~> 6.7)
  - FirebaseMessaging (4.6.2):
    - FirebaseCore (~> 6.10)
    - FirebaseInstanceID (~> 4.6)
    - GoogleUtilities/AppDelegateSwizzler (~> 6.7)
    - GoogleUtilities/Environment (~> 6.7)
    - GoogleUtilities/Reachability (~> 6.7)
    - GoogleUtilities/UserDefaults (~> 6.7)
    - Protobuf (>= 3.9.2, ~> 3.9)
  - FlexibleSteppedProgressBar (0.6.0)
  - GoogleAppMeasurement (6.8.0):
    - GoogleUtilities/AppDelegateSwizzler (~> 6.7)
    - GoogleUtilities/MethodSwizzler (~> 6.7)
    - GoogleUtilities/Network (~> 6.7)
    - "GoogleUtilities/NSData+zlib (~> 6.7)"
    - nanopb (~> 1.30906.0)
  - GoogleDataTransport (7.3.0):
    - nanopb (~> 1.30906.0)
  - GoogleMaps (3.0.2):
    - GoogleMaps/Maps (= 3.0.2)
  - GoogleMaps/Base (3.0.2)
  - GoogleMaps/Maps (3.0.2):
    - GoogleMaps/Base
  - GooglePlaces (3.0.2):
    - GoogleMaps/Base (= 3.0.2)
  - GoogleUtilities/AppDelegateSwizzler (6.7.2):
    - GoogleUtilities/Environment
    - GoogleUtilities/Logger
    - GoogleUtilities/Network
  - GoogleUtilities/Environment (6.7.2):
    - PromisesObjC (~> 1.2)
  - GoogleUtilities/Logger (6.7.2):
    - GoogleUtilities/Environment
  - GoogleUtilities/MethodSwizzler (6.7.2):
    - GoogleUtilities/Logger
  - GoogleUtilities/Network (6.7.2):
    - GoogleUtilities/Logger
    - "GoogleUtilities/NSData+zlib"
    - GoogleUtilities/Reachability
  - "GoogleUtilities/NSData+zlib (6.7.2)"
  - GoogleUtilities/Reachability (6.7.2):
    - GoogleUtilities/Logger
  - GoogleUtilities/UserDefaults (6.7.2):
    - GoogleUtilities/Logger
  - GrowingTextView (0.7.2)
  - IQKeyboardManagerSwift (6.2.0)
  - Kingfisher (5.1.0)
  - Mapbox-iOS-SDK (5.7.0):
    - MapboxMobileEvents (= 0.10.2)
  - MapboxMobileEvents (0.10.2)
  - nanopb (1.30906.0):
    - nanopb/decode (= 1.30906.0)
    - nanopb/encode (= 1.30906.0)
  - nanopb/decode (1.30906.0)
  - nanopb/encode (1.30906.0)
  - PaddingLabel (1.1)
  - PromisesObjC (1.2.10)
  - Protobuf (3.13.0)
  - ReachabilitySwift (4.3.0)
  - SearchTextField (1.2.2)
  - SideMenu (5.0.3)
  - SkyFloatingLabelTextField (3.6.0)
  - Starscream (3.0.6)
  - SwiftGifOrigin (1.7.0)
  - SwiftWebSocket (2.7.0)
  - SwiftyJSON (4.2.0)
  - SwipeMenuViewController (3.0.0)

DEPENDENCIES:
  - AAViewAnimator (= 1.0)
  - Alamofire
  - AlamofireImage
  - DatePickerDialog
  - Firebase/Analytics
  - Firebase/Messaging
  - FlexibleSteppedProgressBar
  - GoogleMaps
  - GooglePlaces
  - GrowingTextView (= 0.7.2)
  - IQKeyboardManagerSwift
  - Kingfisher
  - Mapbox-iOS-SDK (~> 5.7.0)
  - PaddingLabel
  - ReachabilitySwift
  - SearchTextField
  - SideMenu
  - SkyFloatingLabelTextField (~> 3.0)
  - Starscream
  - SwiftGifOrigin
  - SwiftWebSocket
  - SwiftyJSON
  - SwipeMenuViewController

SPEC REPOS:
  https://github.com/CocoaPods/Specs.git:
    - Alamofire
    - AlamofireImage
    - DatePickerDialog
    - FlexibleSteppedProgressBar
    - GoogleMaps
    - GooglePlaces
    - IQKeyboardManagerSwift
    - Kingfisher
    - PaddingLabel
    - ReachabilitySwift
    - SearchTextField
    - SideMenu
    - SkyFloatingLabelTextField
    - Starscream
    - SwiftGifOrigin
    - SwiftWebSocket
    - SwiftyJSON
    - SwipeMenuViewController
  trunk:
    - AAViewAnimator
    - Firebase
    - FirebaseAnalytics
    - FirebaseCore
    - FirebaseCoreDiagnostics
    - FirebaseInstallations
    - FirebaseInstanceID
    - FirebaseMessaging
    - GoogleAppMeasurement
    - GoogleDataTransport
    - GoogleUtilities
    - GrowingTextView
    - Mapbox-iOS-SDK
    - MapboxMobileEvents
    - nanopb
    - PromisesObjC
    - Protobuf

SPEC CHECKSUMS:
  AAViewAnimator: 52134b67a9dcedeccd273675f314d111b10b94b6
  Alamofire: 16ce2c353fb72865124ddae8a57c5942388f4f11
  AlamofireImage: 1aea346f4dda2f6c67622fa5a89fcbb80d79cc16
  DatePickerDialog: 5e1c24d9fe6506cd45dbc573eed7b0a251b1c09d
  Firebase: 658370fa0181826a74b7cfca8d68c5856ca749ae
  FirebaseAnalytics: 0ca9aa2af7cc4dc92392b7a78bfc49feaa2eb60f
  FirebaseCore: 6fb954e350af0885803d5aa49865d15d9a6b264c
  FirebaseCoreDiagnostics: 7415bfb3883b3500c5a95c42b6ba66baae78f600
  FirebaseInstallations: 466c7b4d1f58fe16707693091da253726a731ed2
  FirebaseInstanceID: 84f5f5762f1bee94ca2254f693bbf5aec6666504
  FirebaseMessaging: 82d75b3770a78bbce470769a6980429608b4c407
  FlexibleSteppedProgressBar: 523e41e98f131e937f680b228b8c24e23f9751a8
  GoogleAppMeasurement: ecc30d0ab5b66d7d18e85ce1b8e2b345db60626d
  GoogleDataTransport: e85fb700c9b027079ce182c3d08e12e0f9618bb4
  GoogleMaps: 941cd655e009b4d8e42df19a3d749bc3fccec973
  GooglePlaces: c086e0055dc5f0177d7c9d65fc77a1734f9a4825
  GoogleUtilities: 7f2f5a07f888cdb145101d6042bc4422f57e70b3
  GrowingTextView: 876bf42005b5e4a4fd740597db12caaf41f0fe6c
  IQKeyboardManagerSwift: b07ccf9d8cafe993dcd6cb794eb4ba34611a0c4e
  Kingfisher: fcec238063d17404fca89bf0a850583211c4cbf6
  Mapbox-iOS-SDK: 1b7cb0e739247d20ef75f5f14aa6ce34e1f0660f
  MapboxMobileEvents: 2bc0ca2eedb627b73cf403258dce2b2fa98074a6
  nanopb: 59317e09cf1f1a0af72f12af412d54edf52603fc
  PaddingLabel: d11fee9d2be54122a037bb4a429fb5d3f2c73d58
  PromisesObjC: b14b1c6b68e306650688599de8a45e49fae81151
  Protobuf: 3dac39b34a08151c6d949560efe3f86134a3f748
  ReachabilitySwift: 408477d1b6ed9779dba301953171e017c31241f3
  SearchTextField: a0992739d4b05dcbb40fb3a5cc6526bd991bdd23
  SideMenu: 1dcaabce84538c53325c287f7fe62999379a641c
  SkyFloatingLabelTextField: 38164979b79512f9ff9288ad8acfc4bbf5d843e3
  Starscream: ef3ece99d765eeccb67de105bfa143f929026cf5
  SwiftGifOrigin: fbd6cf37afcfcf97a5c3db996ddc0492e5c5c145
  SwiftWebSocket: 612c9729fd503cb6b0b8b45390c788686dac306f
  SwiftyJSON: c4bcba26dd9ec7a027fc8eade48e2c911f229e96
  SwipeMenuViewController: 572a6fcd7fa95c3d744c760d5e836896817c5735

PODFILE CHECKSUM: 282c873a7cc58138a594ea74a81ac4c6488b8fa2

COCOAPODS: 1.9.3
